<?xml version="1.0" encoding="UTF-8"?>
<Solution>
	<Configurations>
		<BuildType Name="Debug"/>
		<BuildType Name="Release"/>
		<BuildType Name="MinSizeRel"/>
		<BuildType Name="RelWithDebInfo"/>
		<Platform Name="x64"/>
	</Configurations>
	<Project Path="cfd_app.vcxproj" Type="8bc9ceb8-8b4a-11d0-8d11-00a0c91bc942" Id="66a922f9-6231-32b3-99e6-4477ceb16c07">
		<BuildDependency Project="ZERO_CHECK.vcxproj"/>
		<BuildDependency Project="_deps/freetype-build/freetype.vcxproj"/>
		<BuildDependency Project="_deps/harfbuzz-build/harfbuzz.vcxproj"/>
		<BuildDependency Project="_deps/sfml-build/src/SFML/Graphics/sfml-graphics.vcxproj"/>
		<BuildDependency Project="_deps/sfml-build/src/SFML/System/sfml-system.vcxproj"/>
		<BuildDependency Project="_deps/sfml-build/src/SFML/Window/sfml-window.vcxproj"/>
	</Project>
	<Folder Name="/CMake/">
		<Project Path="ALL_BUILD.vcxproj" Type="8bc9ceb8-8b4a-11d0-8d11-00a0c91bc942" Id="b5795679-f1d8-3577-93a5-39c03660e6ca" DefaultStartup="true">
			<BuildDependency Project="ZERO_CHECK.vcxproj"/>
			<BuildDependency Project="cfd_app.vcxproj"/>
		</Project>
		<Project Path="INSTALL.vcxproj" Type="8bc9ceb8-8b4a-11d0-8d11-00a0c91bc942" Id="b6db3669-4aff-3d00-8a0a-e7327988ef55">
			<BuildDependency Project="ALL_BUILD.vcxproj"/>
			<BuildDependency Project="ZERO_CHECK.vcxproj"/>
			<Build Solution="Debug|*" Project="false"/>
			<Build Solution="Release|*" Project="false"/>
			<Build Solution="MinSizeRel|*" Project="false"/>
			<Build Solution="RelWithDebInfo|*" Project="false"/>
		</Project>
		<Project Path="PACKAGE.vcxproj" Type="8bc9ceb8-8b4a-11d0-8d11-00a0c91bc942" Id="41802fab-c30d-3470-8732-a238e87b10bf">
			<BuildDependency Project="ALL_BUILD.vcxproj"/>
			<BuildDependency Project="ZERO_CHECK.vcxproj"/>
			<Build Solution="Debug|*" Project="false"/>
			<Build Solution="Release|*" Project="false"/>
			<Build Solution="MinSizeRel|*" Project="false"/>
			<Build Solution="RelWithDebInfo|*" Project="false"/>
		</Project>
		<Project Path="ZERO_CHECK.vcxproj" Type="8bc9ceb8-8b4a-11d0-8d11-00a0c91bc942" Id="10a9423e-f82e-3321-a5d0-9914aeb95064"/>
	</Folder>
	<Folder Name="/Dependencies/">
		<Project Path="_deps/sheenbidi-build/SheenBidi.vcxproj" Type="8bc9ceb8-8b4a-11d0-8d11-00a0c91bc942" Id="8857ea30-2fb3-3933-843a-c56d0d3676b9">
			<BuildDependency Project="ZERO_CHECK.vcxproj"/>
		</Project>
		<Project Path="_deps/freetype-build/freetype.vcxproj" Type="8bc9ceb8-8b4a-11d0-8d11-00a0c91bc942" Id="c3103cbd-aadd-3b28-9022-c59b5b41041b">
			<BuildDependency Project="ZERO_CHECK.vcxproj"/>
		</Project>
		<Project Path="_deps/harfbuzz-build/harfbuzz.vcxproj" Type="8bc9ceb8-8b4a-11d0-8d11-00a0c91bc942" Id="eef06053-880a-365f-a66e-4ce0409b9739">
			<BuildDependency Project="ZERO_CHECK.vcxproj"/>
			<BuildDependency Project="_deps/freetype-build/freetype.vcxproj"/>
		</Project>
	</Folder>
	<Folder Name="/SFML/">
		<Project Path="_deps/sfml-build/src/SFML/Graphics/sfml-graphics.vcxproj" Type="8bc9ceb8-8b4a-11d0-8d11-00a0c91bc942" Id="46fb5263-304e-3164-95c5-16bd88984bb1">
			<BuildDependency Project="_deps/sheenbidi-build/SheenBidi.vcxproj"/>
			<BuildDependency Project="ZERO_CHECK.vcxproj"/>
			<BuildDependency Project="_deps/freetype-build/freetype.vcxproj"/>
			<BuildDependency Project="_deps/harfbuzz-build/harfbuzz.vcxproj"/>
			<BuildDependency Project="_deps/sfml-build/src/SFML/System/sfml-system.vcxproj"/>
			<BuildDependency Project="_deps/sfml-build/src/SFML/Window/sfml-window.vcxproj"/>
		</Project>
		<Project Path="_deps/sfml-build/src/SFML/System/sfml-system.vcxproj" Type="8bc9ceb8-8b4a-11d0-8d11-00a0c91bc942" Id="0b5db6b0-ce4f-3a50-b4a5-194fd28b589d">
			<BuildDependency Project="ZERO_CHECK.vcxproj"/>
		</Project>
		<Project Path="_deps/sfml-build/src/SFML/Window/sfml-window.vcxproj" Type="8bc9ceb8-8b4a-11d0-8d11-00a0c91bc942" Id="beac20da-1000-3d70-ad8e-93ebbe46107a">
			<BuildDependency Project="ZERO_CHECK.vcxproj"/>
			<BuildDependency Project="_deps/sfml-build/src/SFML/System/sfml-system.vcxproj"/>
		</Project>
	</Folder>
</Solution>
